
Microsoft Visual Studio Solution File, Format Version 12.00
# Visual Studio Version 16
VisualStudioVersion = 16.0.30804.86
MinimumVisualStudioVersion = 10.0.40219.1
Project("{FAE04EC0-301F-11D3-BF4B-00C04F79EFBC}") = "FullNamePart1", "Part1\FullNamePart1.csproj", "{5A9CE8A2-F83F-4F52-9F15-1545B8A0225A}"
EndProject
Project("{FAE04EC0-301F-11D3-BF4B-00C04F79EFBC}") = "SumNumberPart2", "Part2\SumNumberPart2.csproj", "{F706B03B-579B-4E38-BA30-E7D1DCDC8B5B}"
EndProject
Project("{FAE04EC0-301F-11D3-BF4B-00C04F79EFBC}") = "SeasonsPart3", "Part3\SeasonsPart3.csproj", "{7FE34666-2A63-4F51-A2C6-04E6624EF099}"
EndProject
Project("{FAE04EC0-301F-11D3-BF4B-00C04F79EFBC}") = "NumberFibonacciPart4", "Part4\NumberFibonacciPart4.csproj", "{5A6A2FEF-9005-4C10-99C0-545F3922BBF8}"
EndProject
Global
	GlobalSection(SolutionConfigurationPlatforms) = preSolution
		Debug|Any CPU = Debug|Any CPU
		Release|Any CPU = Release|Any CPU
	EndGlobalSection
	GlobalSection(ProjectConfigurationPlatforms) = postSolution
		{5A9CE8A2-F83F-4F52-9F15-1545B8A0225A}.Debug|Any CPU.ActiveCfg = Debug|Any CPU
		{5A9CE8A2-F83F-4F52-9F15-1545B8A0225A}.Debug|Any CPU.Build.0 = Debug|Any CPU
		{5A9CE8A2-F83F-4F52-9F15-1545B8A0225A}.Release|Any CPU.ActiveCfg = Release|Any CPU
		{5A9CE8A2-F83F-4F52-9F15-1545B8A0225A}.Release|Any CPU.Build.0 = Release|Any CPU
		{F706B03B-579B-4E38-BA30-E7D1DCDC8B5B}.Debug|Any CPU.ActiveCfg = Debug|Any CPU
		{F706B03B-579B-4E38-BA30-E7D1DCDC8B5B}.Debug|Any CPU.Build.0 = Debug|Any CPU
		{F706B03B-579B-4E38-BA30-E7D1DCDC8B5B}.Release|Any CPU.ActiveCfg = Release|Any CPU
		{F706B03B-579B-4E38-BA30-E7D1DCDC8B5B}.Release|Any CPU.Build.0 = Release|Any CPU
		{7FE34666-2A63-4F51-A2C6-04E6624EF099}.Debug|Any CPU.ActiveCfg = Debug|Any CPU
		{7FE34666-2A63-4F51-A2C6-04E6624EF099}.Debug|Any CPU.Build.0 = Debug|Any CPU
		{7FE34666-2A63-4F51-A2C6-04E6624EF099}.Release|Any CPU.ActiveCfg = Release|Any CPU
		{7FE34666-2A63-4F51-A2C6-04E6624EF099}.Release|Any CPU.Build.0 = Release|Any CPU
		{5A6A2FEF-9005-4C10-99C0-545F3922BBF8}.Debug|Any CPU.ActiveCfg = Debug|Any CPU
		{5A6A2FEF-9005-4C10-99C0-545F3922BBF8}.Debug|Any CPU.Build.0 = Debug|Any CPU
		{5A6A2FEF-9005-4C10-99C0-545F3922BBF8}.Release|Any CPU.ActiveCfg = Release|Any CPU
		{5A6A2FEF-9005-4C10-99C0-545F3922BBF8}.Release|Any CPU.Build.0 = Release|Any CPU
	EndGlobalSection
	GlobalSection(SolutionProperties) = preSolution
		HideSolutionNode = FALSE
	EndGlobalSection
	GlobalSection(ExtensibilityGlobals) = postSolution
		SolutionGuid = {7C8EC375-DDB1-4526-9CD4-FAD890DE6DBC}
	EndGlobalSection
EndGlobal
