
Microsoft Visual Studio Solution File, Format Version 12.00
# Visual Studio Version 16
VisualStudioVersion = 16.0.30804.86
MinimumVisualStudioVersion = 10.0.40219.1
Project("{FAE04EC0-301F-11D3-BF4B-00C04F79EFBC}") = "IsNumberSaveFile", "IsNumberSaveFile\IsNumberSaveFile.csproj", "{9E59936D-86A3-45EE-BB31-3F1A472EAF15}"
EndProject
Project("{FAE04EC0-301F-11D3-BF4B-00C04F79EFBC}") = "WriteDataTimeFile", "WriteDataTimeFile\WriteDataTimeFile.csproj", "{0FF9684F-BD9D-41A7-B6ED-D720B00ABD6D}"
EndProject
Project("{FAE04EC0-301F-11D3-BF4B-00C04F79EFBC}") = "IsNumberRndSaveFile", "IsNumberRndSaveFile\IsNumberRndSaveFile.csproj", "{F971D356-F8EB-4B74-97DB-C25CDA282E3A}"
EndProject
Project("{FAE04EC0-301F-11D3-BF4B-00C04F79EFBC}") = "SaveCataloge", "SaveCataloge\SaveCataloge.csproj", "{F77B5A01-2488-46D3-AD49-39AB2553E660}"
EndProject
Project("{FAE04EC0-301F-11D3-BF4B-00C04F79EFBC}") = "TODO-list", "TODO-list\TODO-list.csproj", "{126F2809-32E6-4A07-88F2-AF75B1F020C1}"
EndProject
Global
	GlobalSection(SolutionConfigurationPlatforms) = preSolution
		Debug|Any CPU = Debug|Any CPU
		Release|Any CPU = Release|Any CPU
	EndGlobalSection
	GlobalSection(ProjectConfigurationPlatforms) = postSolution
		{9E59936D-86A3-45EE-BB31-3F1A472EAF15}.Debug|Any CPU.ActiveCfg = Debug|Any CPU
		{9E59936D-86A3-45EE-BB31-3F1A472EAF15}.Debug|Any CPU.Build.0 = Debug|Any CPU
		{9E59936D-86A3-45EE-BB31-3F1A472EAF15}.Release|Any CPU.ActiveCfg = Release|Any CPU
		{9E59936D-86A3-45EE-BB31-3F1A472EAF15}.Release|Any CPU.Build.0 = Release|Any CPU
		{0FF9684F-BD9D-41A7-B6ED-D720B00ABD6D}.Debug|Any CPU.ActiveCfg = Debug|Any CPU
		{0FF9684F-BD9D-41A7-B6ED-D720B00ABD6D}.Debug|Any CPU.Build.0 = Debug|Any CPU
		{0FF9684F-BD9D-41A7-B6ED-D720B00ABD6D}.Release|Any CPU.ActiveCfg = Release|Any CPU
		{0FF9684F-BD9D-41A7-B6ED-D720B00ABD6D}.Release|Any CPU.Build.0 = Release|Any CPU
		{F971D356-F8EB-4B74-97DB-C25CDA282E3A}.Debug|Any CPU.ActiveCfg = Debug|Any CPU
		{F971D356-F8EB-4B74-97DB-C25CDA282E3A}.Debug|Any CPU.Build.0 = Debug|Any CPU
		{F971D356-F8EB-4B74-97DB-C25CDA282E3A}.Release|Any CPU.ActiveCfg = Release|Any CPU
		{F971D356-F8EB-4B74-97DB-C25CDA282E3A}.Release|Any CPU.Build.0 = Release|Any CPU
		{F77B5A01-2488-46D3-AD49-39AB2553E660}.Debug|Any CPU.ActiveCfg = Debug|Any CPU
		{F77B5A01-2488-46D3-AD49-39AB2553E660}.Debug|Any CPU.Build.0 = Debug|Any CPU
		{F77B5A01-2488-46D3-AD49-39AB2553E660}.Release|Any CPU.ActiveCfg = Release|Any CPU
		{F77B5A01-2488-46D3-AD49-39AB2553E660}.Release|Any CPU.Build.0 = Release|Any CPU
		{126F2809-32E6-4A07-88F2-AF75B1F020C1}.Debug|Any CPU.ActiveCfg = Debug|Any CPU
		{126F2809-32E6-4A07-88F2-AF75B1F020C1}.Debug|Any CPU.Build.0 = Debug|Any CPU
		{126F2809-32E6-4A07-88F2-AF75B1F020C1}.Release|Any CPU.ActiveCfg = Release|Any CPU
		{126F2809-32E6-4A07-88F2-AF75B1F020C1}.Release|Any CPU.Build.0 = Release|Any CPU
	EndGlobalSection
	GlobalSection(SolutionProperties) = preSolution
		HideSolutionNode = FALSE
	EndGlobalSection
	GlobalSection(ExtensibilityGlobals) = postSolution
		SolutionGuid = {5A40C8F2-AF0B-452C-8640-D8C90E1BF31C}
	EndGlobalSection
EndGlobal
